# THIS IS AN AUTOGENERATED FILE. DO NOT EDIT THIS FILE DIRECTLY.
# yarn lockfile v1


callsite@^1.0.0:
  version "1.0.0"
  resolved "https://registry.yarnpkg.com/callsite/-/callsite-1.0.0.tgz#280398e5d664bd74038b6f0905153e6e8af1bc20"
  integrity sha1-KAOY5dZkvXQDi28JBRU+borxvCA=

decache@^4.5.1:
  version "4.5.1"
  resolved "https://registry.yarnpkg.com/decache/-/decache-4.5.1.tgz#94a977a88a4188672c96550ec4889582ceecdf49"
  integrity sha512-5J37nATc6FmOTLbcsr9qx7Nm28qQyg1SK4xyEHqM0IBkNhWFp0Sm+vKoWYHD8wq+OUEb9jLyaKFfzzd1A9hcoA==
  dependencies:
    callsite "^1.0.0"

typescript@^3.7.3:
  version "3.7.3"
  resolved "https://registry.yarnpkg.com/typescript/-/typescript-3.7.3.tgz#b36840668a16458a7025b9eabfad11b66ab85c69"
  integrity sha512-Mcr/Qk7hXqFBXMN7p7Lusj1ktCBydylfQM/FZCk5glCNQJrCUKPkMHdo9R0MTFWsC/4kPFvDS0fDPvukfCkFsw==
